// !$*UTF8*$!
{
	archiveVersion = 1;
	classes = {
	};
	objectVersion = 46;
	objects = {

/* Begin PBXBuildFile section */
		CD1770A01B4423F4001E9291 /* AppDelegate.swift in Sources */ = {isa = PBXBuildFile; fileRef = CD17709F1B4423F4001E9291 /* AppDelegate.swift */; };
		CD1770A21B4423F4001E9291 /* ViewController.swift in Sources */ = {isa = PBXBuildFile; fileRef = CD1770A11B4423F4001E9291 /* ViewController.swift */; };
		CD1770A51B4423F4001E9291 /* Main.storyboard in Resources */ = {isa = PBXBuildFile; fileRef = CD1770A31B4423F4001E9291 /* Main.storyboard */; };
		CD1770A71B4423F4001E9291 /* Images.xcassets in Resources */ = {isa = PBXBuildFile; fileRef = CD1770A61B4423F4001E9291 /* Images.xcassets */; };
		CD1770AA1B4423F4001E9291 /* LaunchScreen.xib in Resources */ = {isa = PBXBuildFile; fileRef = CD1770A81B4423F4001E9291 /* LaunchScreen.xib */; };
		CD1770B61B4423F4001E9291 /* ReactionTests.swift in Sources */ = {isa = PBXBuildFile; fileRef = CD1770B51B4423F4001E9291 /* ReactionTests.swift */; };
		CD1770C01B442497001E9291 /* GameKit.framework in Frameworks */ = {isa = PBXBuildFile; fileRef = CD1770BF1B442497001E9291 /* GameKit.framework */; };
		CD1770C21B442745001E9291 /* GradientView.swift in Sources */ = {isa = PBXBuildFile; fileRef = CD1770C11B442745001E9291 /* GradientView.swift */; };
		CD1770C41B442FB5001E9291 /* CircleButton.swift in Sources */ = {isa = PBXBuildFile; fileRef = CD1770C31B442FB5001E9291 /* CircleButton.swift */; };
		CD1770C61B443743001E9291 /* GameViewController.swift in Sources */ = {isa = PBXBuildFile; fileRef = CD1770C51B443743001E9291 /* GameViewController.swift */; };
/* End PBXBuildFile section */

/* Begin PBXContainerItemProxy section */
		CD1770B01B4423F4001E9291 /* PBXContainerItemProxy */ = {
			isa = PBXContainerItemProxy;
			containerPortal = CD1770921B4423F4001E9291 /* Project object */;
			proxyType = 1;
			remoteGlobalIDString = CD1770991B4423F4001E9291;
			remoteInfo = Reaction;
		};
/* End PBXContainerItemProxy section */

/* Begin PBXFileReference section */
		CD17709A1B4423F4001E9291 /* Reaction.app */ = {isa = PBXFileReference; explicitFileType = wrapper.application; includeInIndex = 0; path = Reaction.app; sourceTree = BUILT_PRODUCTS_DIR; };
		CD17709E1B4423F4001E9291 /* Info.plist */ = {isa = PBXFileReference; lastKnownFileType = text.plist.xml; path = Info.plist; sourceTree = "<group>"; };
		CD17709F1B4423F4001E9291 /* AppDelegate.swift */ = {isa = PBXFileReference; lastKnownFileType = sourcecode.swift; path = AppDelegate.swift; sourceTree = "<group>"; };
		CD1770A11B4423F4001E9291 /* ViewController.swift */ = {isa = PBXFileReference; lastKnownFileType = sourcecode.swift; path = ViewController.swift; sourceTree = "<group>"; };
		CD1770A41B4423F4001E9291 /* Base */ = {isa = PBXFileReference; lastKnownFileType = file.storyboard; name = Base; path = Base.lproj/Main.storyboard; sourceTree = "<group>"; };
		CD1770A61B4423F4001E9291 /* Images.xcassets */ = {isa = PBXFileReference; lastKnownFileType = folder.assetcatalog; path = Images.xcassets; sourceTree = "<group>"; };
		CD1770A91B4423F4001E9291 /* Base */ = {isa = PBXFileReference; lastKnownFileType = file.xib; name = Base; path = Base.lproj/LaunchScreen.xib; sourceTree = "<group>"; };
		CD1770AF1B4423F4001E9291 /* ReactionTests.xctest */ = {isa = PBXFileReference; explicitFileType = wrapper.cfbundle; includeInIndex = 0; path = ReactionTests.xctest; sourceTree = BUILT_PRODUCTS_DIR; };
		CD1770B41B4423F4001E9291 /* Info.plist */ = {isa = PBXFileReference; lastKnownFileType = text.plist.xml; path = Info.plist; sourceTree = "<group>"; };
		CD1770B51B4423F4001E9291 /* ReactionTests.swift */ = {isa = PBXFileReference; lastKnownFileType = sourcecode.swift; path = ReactionTests.swift; sourceTree = "<group>"; };
		CD1770BF1B442497001E9291 /* GameKit.framework */ = {isa = PBXFileReference; lastKnownFileType = wrapper.framework; name = GameKit.framework; path = System/Library/Frameworks/GameKit.framework; sourceTree = SDKROOT; };
		CD1770C11B442745001E9291 /* GradientView.swift */ = {isa = PBXFileReference; fileEncoding = 4; lastKnownFileType = sourcecode.swift; path = GradientView.swift; sourceTree = "<group>"; };
		CD1770C31B442FB5001E9291 /* CircleButton.swift */ = {isa = PBXFileReference; fileEncoding = 4; lastKnownFileType = sourcecode.swift; path = CircleButton.swift; sourceTree = "<group>"; };
		CD1770C51B443743001E9291 /* GameViewController.swift */ = {isa = PBXFileReference; fileEncoding = 4; lastKnownFileType = sourcecode.swift; path = GameViewController.swift; sourceTree = "<group>"; };
/* End PBXFileReference section */

/* Begin PBXFrameworksBuildPhase section */
		CD1770971B4423F4001E9291 /* Frameworks */ = {
			isa = PBXFrameworksBuildPhase;
			buildActionMask = 2147483647;
			files = (
				CD1770C01B442497001E9291 /* GameKit.framework in Frameworks */,
			);
			runOnlyForDeploymentPostprocessing = 0;
		};
		CD1770AC1B4423F4001E9291 /* Frameworks */ = {
			isa = PBXFrameworksBuildPhase;
			buildActionMask = 2147483647;
			files = (
			);
			runOnlyForDeploymentPostprocessing = 0;
		};
/* End PBXFrameworksBuildPhase section */

/* Begin PBXGroup section */
		CD1770911B4423F4001E9291 = {
			isa = PBXGroup;
			children = (
				CD1770BF1B442497001E9291 /* GameKit.framework */,
				CD17709C1B4423F4001E9291 /* Reaction */,
				CD1770B21B4423F4001E9291 /* ReactionTests */,
				CD17709B1B4423F4001E9291 /* Products */,
			);
			sourceTree = "<group>";
		};
		CD17709B1B4423F4001E9291 /* Products */ = {
			isa = PBXGroup;
			children = (
				CD17709A1B4423F4001E9291 /* Reaction.app */,
				CD1770AF1B4423F4001E9291 /* ReactionTests.xctest */,
			);
			name = Products;
			sourceTree = "<group>";
		};
		CD17709C1B4423F4001E9291 /* Reaction */ = {
			isa = PBXGroup;
			children = (
				CD1770A31B4423F4001E9291 /* Main.storyboard */,
				CD1770A11B4423F4001E9291 /* ViewController.swift */,
				CD1770C11B442745001E9291 /* GradientView.swift */,
				CD1770C51B443743001E9291 /* GameViewController.swift */,
				CD1770C31B442FB5001E9291 /* CircleButton.swift */,
				CD17709D1B4423F4001E9291 /* Supporting Files */,
			);
			path = Reaction;
			sourceTree = "<group>";
		};
		CD17709D1B4423F4001E9291 /* Supporting Files */ = {
			isa = PBXGroup;
			children = (
				CD1770A61B4423F4001E9291 /* Images.xcassets */,
				CD17709F1B4423F4001E9291 /* AppDelegate.swift */,
				CD1770A81B4423F4001E9291 /* LaunchScreen.xib */,
				CD17709E1B4423F4001E9291 /* Info.plist */,
			);
			name = "Supporting Files";
			sourceTree = "<group>";
		};
		CD1770B21B4423F4001E9291 /* ReactionTests */ = {
			isa = PBXGroup;
			children = (
				CD1770B51B4423F4001E9291 /* ReactionTests.swift */,
				CD1770B31B4423F4001E9291 /* Supporting Files */,
			);
			path = ReactionTests;
			sourceTree = "<group>";
		};
		CD1770B31B4423F4001E9291 /* Supporting Files */ = {
			isa = PBXGroup;
			children = (
				CD1770B41B4423F4001E9291 /* Info.plist */,
			);
			name = "Supporting Files";
			sourceTree = "<group>";
		};
/* End PBXGroup section */

/* Begin PBXNativeTarget section */
		CD1770991B4423F4001E9291 /* Reaction */ = {
			isa = PBXNativeTarget;
			buildConfigurationList = CD1770B91B4423F4001E9291 /* Build configuration list for PBXNativeTarget "Reaction" */;
			buildPhases = (
				CD1770961B4423F4001E9291 /* Sources */,
				CD1770971B4423F4001E9291 /* Frameworks */,
				CD1770981B4423F4001E9291 /* Resources */,
			);
			buildRules = (
			);
			dependencies = (
			);
			name = Reaction;
			productName = Reaction;
			productReference = CD17709A1B4423F4001E9291 /* Reaction.app */;
			productType = "com.apple.product-type.application";
		};
		CD1770AE1B4423F4001E9291 /* ReactionTests */ = {
			isa = PBXNativeTarget;
			buildConfigurationList = CD1770BC1B4423F4001E9291 /* Build configuration list for PBXNativeTarget "ReactionTests" */;
			buildPhases = (
				CD1770AB1B4423F4001E9291 /* Sources */,
				CD1770AC1B4423F4001E9291 /* Frameworks */,
				CD1770AD1B4423F4001E9291 /* Resources */,
			);
			buildRules = (
			);
			dependencies = (
				CD1770B11B4423F4001E9291 /* PBXTargetDependency */,
			);
			name = ReactionTests;
			productName = ReactionTests;
			productReference = CD1770AF1B4423F4001E9291 /* ReactionTests.xctest */;
			productType = "com.apple.product-type.bundle.unit-test";
		};
/* End PBXNativeTarget section */

/* Begin PBXProject section */
		CD1770921B4423F4001E9291 /* Project object */ = {
			isa = PBXProject;
			attributes = {
				LastUpgradeCheck = 0630;
				ORGANIZATIONNAME = "Whitney Lauren";
				TargetAttributes = {
					CD1770991B4423F4001E9291 = {
						CreatedOnToolsVersion = 6.3.2;
						DevelopmentTeam = MZ98WPC7GY;
						SystemCapabilities = {
							com.apple.GameCenter = {
								enabled = 1;
							};
						};
					};
					CD1770AE1B4423F4001E9291 = {
						CreatedOnToolsVersion = 6.3.2;
						TestTargetID = CD1770991B4423F4001E9291;
					};
				};
			};
			buildConfigurationList = CD1770951B4423F4001E9291 /* Build configuration list for PBXProject "Reaction" */;
			compatibilityVersion = "Xcode 3.2";
			developmentRegion = English;
			hasScannedForEncodings = 0;
			knownRegions = (
				en,
				Base,
			);
			mainGroup = CD1770911B4423F4001E9291;
			productRefGroup = CD17709B1B4423F4001E9291 /* Products */;
			projectDirPath = "";
			projectRoot = "";
			targets = (
				CD1770991B4423F4001E9291 /* Reaction */,
				CD1770AE1B4423F4001E9291 /* ReactionTests */,
			);
		};
/* End PBXProject section */

/* Begin PBXResourcesBuildPhase section */
		CD1770981B4423F4001E9291 /* Resources */ = {
			isa = PBXResourcesBuildPhase;
			buildActionMask = 2147483647;
			files = (
				CD1770A51B4423F4001E9291 /* Main.storyboard in Resources */,
				CD1770AA1B4423F4001E9291 /* LaunchScreen.xib in Resources */,
				CD1770A71B4423F4001E9291 /* Images.xcassets in Resources */,
			);
			runOnlyForDeploymentPostprocessing = 0;
		};
		CD1770AD1B4423F4001E9291 /* Resources */ = {
			isa = PBXResourcesBuildPhase;
			buildActionMask = 2147483647;
			files = (
			);
			runOnlyForDeploymentPostprocessing = 0;
		};
/* End PBXResourcesBuildPhase section */

/* Begin PBXSourcesBuildPhase section */
		CD1770961B4423F4001E9291 /* Sources */ = {
			isa = PBXSourcesBuildPhase;
			buildActionMask = 2147483647;
			files = (
				CD1770C61B443743001E9291 /* GameViewController.swift in Sources */,
				CD1770A21B4423F4001E9291 /* ViewController.swift in Sources */,
				CD1770A01B4423F4001E9291 /* AppDelegate.swift in Sources */,
				CD1770C21B442745001E9291 /* GradientView.swift in Sources */,
				CD1770C41B442FB5001E9291 /* CircleButton.swift in Sources */,
			);
			runOnlyForDeploymentPostprocessing = 0;
		};
		CD1770AB1B4423F4001E9291 /* Sources */ = {
			isa = PBXSourcesBuildPhase;
			buildActionMask = 2147483647;
			files = (
				CD1770B61B4423F4001E9291 /* ReactionTests.swift in Sources */,
			);
			runOnlyForDeploymentPostprocessing = 0;
		};
/* End PBXSourcesBuildPhase section */

/* Begin PBXTargetDependency section */
		CD1770B11B4423F4001E9291 /* PBXTargetDependency */ = {
			isa = PBXTargetDependency;
			target = CD1770991B4423F4001E9291 /* Reaction */;
			targetProxy = CD1770B01B4423F4001E9291 /* PBXContainerItemProxy */;
		};
/* End PBXTargetDependency section */

/* Begin PBXVariantGroup section */
		CD1770A31B4423F4001E9291 /* Main.storyboard */ = {
			isa = PBXVariantGroup;
			children = (
				CD1770A41B4423F4001E9291 /* Base */,
			);
			name = Main.storyboard;
			sourceTree = "<group>";
		};
		CD1770A81B4423F4001E9291 /* LaunchScreen.xib */ = {
			isa = PBXVariantGroup;
			children = (
				CD1770A91B4423F4001E9291 /* Base */,
			);
			name = LaunchScreen.xib;
			sourceTree = "<group>";
		};
/* End PBXVariantGroup section */

/* Begin XCBuildConfiguration section */
		CD1770B71B4423F4001E9291 /* Debug */ = {
			isa = XCBuildConfiguration;
			buildSettings = {
				ALWAYS_SEARCH_USER_PATHS = NO;
				CLANG_CXX_LANGUAGE_STANDARD = "gnu++0x";
				CLANG_CXX_LIBRARY = "libc++";
				CLANG_ENABLE_MODULES = YES;
				CLANG_ENABLE_OBJC_ARC = YES;
				CLANG_WARN_BOOL_CONVERSION = YES;
				CLANG_WARN_CONSTANT_CONVERSION = YES;
				CLANG_WARN_DIRECT_OBJC_ISA_USAGE = YES_ERROR;
				CLANG_WARN_EMPTY_BODY = YES;
				CLANG_WARN_ENUM_CONVERSION = YES;
				CLANG_WARN_INT_CONVERSION = YES;
				CLANG_WARN_OBJC_ROOT_CLASS = YES_ERROR;
				CLANG_WARN_UNREACHABLE_CODE = YES;
				CLANG_WARN__DUPLICATE_METHOD_MATCH = YES;
				"CODE_SIGN_IDENTITY[sdk=iphoneos*]" = "iPhone Developer";
				COPY_PHASE_STRIP = NO;
				DEBUG_INFORMATION_FORMAT = "dwarf-with-dsym";
				ENABLE_STRICT_OBJC_MSGSEND = YES;
				GCC_C_LANGUAGE_STANDARD = gnu99;
				GCC_DYNAMIC_NO_PIC = NO;
				GCC_NO_COMMON_BLOCKS = YES;
				GCC_OPTIMIZATION_LEVEL = 0;
				GCC_PREPROCESSOR_DEFINITIONS = (
					"DEBUG=1",
					"$(inherited)",
				);
				GCC_SYMBOLS_PRIVATE_EXTERN = NO;
				GCC_WARN_64_TO_32_BIT_CONVERSION = YES;
				GCC_WARN_ABOUT_RETURN_TYPE = YES_ERROR;
				GCC_WARN_UNDECLARED_SELECTOR = YES;
				GCC_WARN_UNINITIALIZED_AUTOS = YES_AGGRESSIVE;
				GCC_WARN_UNUSED_FUNCTION = YES;
				GCC_WARN_UNUSED_VARIABLE = YES;
				IPHONEOS_DEPLOYMENT_TARGET = 8.3;
				MTL_ENABLE_DEBUG_INFO = YES;
				ONLY_ACTIVE_ARCH = YES;
				SDKROOT = iphoneos;
				SWIFT_OPTIMIZATION_LEVEL = "-Onone";
			};
			name = Debug;
		};
		CD1770B81B4423F4001E9291 /* Release */ = {
			isa = XCBuildConfiguration;
			buildSettings = {
				ALWAYS_SEARCH_USER_PATHS = NO;
				CLANG_CXX_LANGUAGE_STANDARD = "gnu++0x";
				CLANG_CXX_LIBRARY = "libc++";
				CLANG_ENABLE_MODULES = YES;
				CLANG_ENABLE_OBJC_ARC = YES;
				CLANG_WARN_BOOL_CONVERSION = YES;
				CLANG_WARN_CONSTANT_CONVERSION = YES;
				CLANG_WARN_DIRECT_OBJC_ISA_USAGE = YES_ERROR;
				CLANG_WARN_EMPTY_BODY = YES;
				CLANG_WARN_ENUM_CONVERSION = YES;
				CLANG_WARN_INT_CONVERSION = YES;
				CLANG_WARN_OBJC_ROOT_CLASS = YES_ERROR;
				CLANG_WARN_UNREACHABLE_CODE = YES;
				CLANG_WARN__DUPLICATE_METHOD_MATCH = YES;
				"CODE_SIGN_IDENTITY[sdk=iphoneos*]" = "iPhone Developer";
				COPY_PHASE_STRIP = NO;
				DEBUG_INFORMATION_FORMAT = "dwarf-with-dsym";
				ENABLE_NS_ASSERTIONS = NO;
				ENABLE_STRICT_OBJC_MSGSEND = YES;
				GCC_C_LANGUAGE_STANDARD = gnu99;
				GCC_NO_COMMON_BLOCKS = YES;
				GCC_WARN_64_TO_32_BIT_CONVERSION = YES;
				GCC_WARN_ABOUT_RETURN_TYPE = YES_ERROR;
				GCC_WARN_UNDECLARED_SELECTOR = YES;
				GCC_WARN_UNINITIALIZED_AUTOS = YES_AGGRESSIVE;
				GCC_WARN_UNUSED_FUNCTION = YES;
				GCC_WARN_UNUSED_VARIABLE = YES;
				IPHONEOS_DEPLOYMENT_TARGET = 8.3;
				MTL_ENABLE_DEBUG_INFO = NO;
				SDKROOT = iphoneos;
				VALIDATE_PRODUCT = YES;
			};
			name = Release;
		};
		CD1770BA1B4423F4001E9291 /* Debug */ = {
			isa = XCBuildConfiguration;
			buildSettings = {
				ASSETCATALOG_COMPILER_APPICON_NAME = AppIcon;
				CODE_SIGN_IDENTITY = "iPhone Developer";
				"CODE_SIGN_IDENTITY[sdk=iphoneos*]" = "iPhone Developer";
				INFOPLIST_FILE = Reaction/Info.plist;
				LD_RUNPATH_SEARCH_PATHS = "$(inherited) @executable_path/Frameworks";
				PRODUCT_NAME = "$(TARGET_NAME)";
				PROVISIONING_PROFILE = "";
			};
			name = Debug;
		};
		CD1770BB1B4423F4001E9291 /* Release */ = {
			isa = XCBuildConfiguration;
			buildSettings = {
				ASSETCATALOG_COMPILER_APPICON_NAME = AppIcon;
				CODE_SIGN_IDENTITY = "iPhone Developer";
				"CODE_SIGN_IDENTITY[sdk=iphoneos*]" = "iPhone Developer";
				INFOPLIST_FILE = Reaction/Info.plist;
				LD_RUNPATH_SEARCH_PATHS = "$(inherited) @executable_path/Frameworks";
				PRODUCT_NAME = "$(TARGET_NAME)";
				PROVISIONING_PROFILE = "";
			};
			name = Release;
		};
		CD1770BD1B4423F4001E9291 /* Debug */ = {
			isa = XCBuildConfiguration;
			buildSettings = {
				BUNDLE_LOADER = "$(TEST_HOST)";
				FRAMEWORK_SEARCH_PATHS = (
					"$(SDKROOT)/Developer/Library/Frameworks",
					"$(inherited)",
				);
				GCC_PREPROCESSOR_DEFINITIONS = (
					"DEBUG=1",
					"$(inherited)",
				);
				INFOPLIST_FILE = ReactionTests/Info.plist;
				LD_RUNPATH_SEARCH_PATHS = "$(inherited) @executable_path/Frameworks @loader_path/Frameworks";
				PRODUCT_NAME = "$(TARGET_NAME)";
				TEST_HOST = "$(BUILT_PRODUCTS_DIR)/Reaction.app/Reaction";
			};
			name = Debug;
		};
		CD1770BE1B4423F4001E9291 /* Release */ = {
			isa = XCBuildConfiguration;
			buildSettings = {
				BUNDLE_LOADER = "$(TEST_HOST)";
				FRAMEWORK_SEARCH_PATHS = (
					"$(SDKROOT)/Developer/Library/Frameworks",
					"$(inherited)",
				);
				INFOPLIST_FILE = ReactionTests/Info.plist;
				LD_RUNPATH_SEARCH_PATHS = "$(inherited) @executable_path/Frameworks @loader_path/Frameworks";
				PRODUCT_NAME = "$(TARGET_NAME)";
				TEST_HOST = "$(BUILT_PRODUCTS_DIR)/Reaction.app/Reaction";
			};
			name = Release;
		};
/* End XCBuildConfiguration section */

/* Begin XCConfigurationList section */
		CD1770951B4423F4001E9291 /* Build configuration list for PBXProject "Reaction" */ = {
			isa = XCConfigurationList;
			buildConfigurations = (
				CD1770B71B4423F4001E9291 /* Debug */,
				CD1770B81B4423F4001E9291 /* Release */,
			);
			defaultConfigurationIsVisible = 0;
			defaultConfigurationName = Release;
		};
		CD1770B91B4423F4001E9291 /* Build configuration list for PBXNativeTarget "Reaction" */ = {
			isa = XCConfigurationList;
			buildConfigurations = (
				CD1770BA1B4423F4001E9291 /* Debug */,
				CD1770BB1B4423F4001E9291 /* Release */,
			);
			defaultConfigurationIsVisible = 0;
		};
		CD1770BC1B4423F4001E9291 /* Build configuration list for PBXNativeTarget "ReactionTests" */ = {
			isa = XCConfigurationList;
			buildConfigurations = (
				CD1770BD1B4423F4001E9291 /* Debug */,
				CD1770BE1B4423F4001E9291 /* Release */,
			);
			defaultConfigurationIsVisible = 0;
		};
/* End XCConfigurationList section */
	};
	rootObject = CD1770921B4423F4001E9291 /* Project object */;
}
